// !$*UTF8*$!
{
	archiveVersion = 1;
	classes = {
	};
	objectVersion = 56;
	objects = {

/* Begin PBXBuildFile section */
		1D0B48882D82782F00413E4A /* GameMembershipView.swift in Sources */ = {isa = PBXBuildFile; fileRef = 1D0B48872D82782F00413E4A /* GameMembershipView.swift */; };
		1D2DC4352D75A15A00F747F8 /* Color.swift in Sources */ = {isa = PBXBuildFile; fileRef = 1D2DC4342D75A15A00F747F8 /* Color.swift */; };
		1D2DC4372D75A34700F747F8 /* Game.swift in Sources */ = {isa = PBXBuildFile; fileRef = 1D2DC4362D75A34700F747F8 /* Game.swift */; };
		1D2DC4392D75AAD800F747F8 /* Home.swift in Sources */ = {isa = PBXBuildFile; fileRef = 1D2DC4382D75AAD800F747F8 /* Home.swift */; };
		1D6165B32D75607000570095 /* Launch Screen.storyboard in Resources */ = {isa = PBXBuildFile; fileRef = 1D6165B22D75607000570095 /* Launch Screen.storyboard */; };
		1D6165BC2D756AE000570095 /* Localizable.xcstrings in Resources */ = {isa = PBXBuildFile; fileRef = 1D6165BB2D756AE000570095 /* Localizable.xcstrings */; };
		1D6165BF2D756AE800570095 /* InfoPlist.strings in Resources */ = {isa = PBXBuildFile; fileRef = 1D6165BD2D756AE800570095 /* InfoPlist.strings */; };
		1D61B2B92D769E2400E8CA91 /* GameGridView.swift in Sources */ = {isa = PBXBuildFile; fileRef = 1D61B2B82D769E2400E8CA91 /* GameGridView.swift */; };
		1D61B2BB2D76DB8A00E8CA91 /* DraggableBlockView.swift in Sources */ = {isa = PBXBuildFile; fileRef = 1D61B2BA2D76DB8A00E8CA91 /* DraggableBlockView.swift */; };
		1D93B80E2D81D9DE002AB831 /* appVersion.swift in Sources */ = {isa = PBXBuildFile; fileRef = 1D93B80D2D81D9DE002AB831 /* appVersion.swift */; };
		1D93B8102D81DA51002AB831 /* AppStorageManager.swift in Sources */ = {isa = PBXBuildFile; fileRef = 1D93B80F2D81DA51002AB831 /* AppStorageManager.swift */; };
		1DA4AEA62D7FE0A500B0BB03 /* SettingView.swift in Sources */ = {isa = PBXBuildFile; fileRef = 1DA4AEA52D7FE0A500B0BB03 /* SettingView.swift */; };
		1DC681192D82AB8600B7C19E /* ManageGameDataViews.swift in Sources */ = {isa = PBXBuildFile; fileRef = 1DC681182D82AB8600B7C19E /* ManageGameDataViews.swift */; };
		1DC6811B2D82B8A000B7C19E /* BlockSkinView.swift in Sources */ = {isa = PBXBuildFile; fileRef = 1DC6811A2D82B8A000B7C19E /* BlockSkinView.swift */; };
		1DC6811D2D82B8C500B7C19E /* ChessboardSkinView.swift in Sources */ = {isa = PBXBuildFile; fileRef = 1DC6811C2D82B8C500B7C19E /* ChessboardSkinView.swift */; };
		1DC6811F2D82B90900B7C19E /* AboutUsView.swift in Sources */ = {isa = PBXBuildFile; fileRef = 1DC6811E2D82B90900B7C19E /* AboutUsView.swift */; };
		1DC681212D82B9A800B7C19E /* AcknowledgementsView.swift in Sources */ = {isa = PBXBuildFile; fileRef = 1DC681202D82B9A800B7C19E /* AcknowledgementsView.swift */; };
		1DC8E89A2D7D429000EC9AA0 /* SoundManager.swift in Sources */ = {isa = PBXBuildFile; fileRef = 1DC8E8992D7D429000EC9AA0 /* SoundManager.swift */; };
		1DC8E89D2D7D43A400EC9AA0 /* blockSound.mp3 in Resources */ = {isa = PBXBuildFile; fileRef = 1DC8E89C2D7D43A400EC9AA0 /* blockSound.mp3 */; };
		1DC8E8A12D7D467200EC9AA0 /* clearSoundeffects.mp3 in Resources */ = {isa = PBXBuildFile; fileRef = 1DC8E8A02D7D467200EC9AA0 /* clearSoundeffects.mp3 */; };
		1DE77FDF2D7FC691000450E9 /* Lottie in Frameworks */ = {isa = PBXBuildFile; productRef = 1DE77FDE2D7FC691000450E9 /* Lottie */; };
		1DE77FE62D7FC6F1000450E9 /* Fireworks1.json in Resources */ = {isa = PBXBuildFile; fileRef = 1DE77FE42D7FC6F1000450E9 /* Fireworks1.json */; };
		1DE77FE72D7FC6F1000450E9 /* Fireworks2.json in Resources */ = {isa = PBXBuildFile; fileRef = 1DE77FE52D7FC6F1000450E9 /* Fireworks2.json */; };
		1DE77FE92D7FC708000450E9 /* LottieView.swift in Sources */ = {isa = PBXBuildFile; fileRef = 1DE77FE82D7FC708000450E9 /* LottieView.swift */; };
		1DF103D52D75F0C500A5B23D /* GameViewModel.swift in Sources */ = {isa = PBXBuildFile; fileRef = 1DF103D42D75F0C500A5B23D /* GameViewModel.swift */; };
		1DF103D72D75F0E000A5B23D /* GridView.swift in Sources */ = {isa = PBXBuildFile; fileRef = 1DF103D62D75F0E000A5B23D /* GridView.swift */; };
		1DF103D92D75F11800A5B23D /* BlockView.swift in Sources */ = {isa = PBXBuildFile; fileRef = 1DF103D82D75F11800A5B23D /* BlockView.swift */; };
		1DF103DB2D75F16600A5B23D /* Block.swift in Sources */ = {isa = PBXBuildFile; fileRef = 1DF103DA2D75F16600A5B23D /* Block.swift */; };
		1DFDB8392D7554DC0004D4B0 /* FaockApp.swift in Sources */ = {isa = PBXBuildFile; fileRef = 1DFDB8382D7554DC0004D4B0 /* FaockApp.swift */; };
		1DFDB83B2D7554DC0004D4B0 /* ContentView.swift in Sources */ = {isa = PBXBuildFile; fileRef = 1DFDB83A2D7554DC0004D4B0 /* ContentView.swift */; };
		1DFDB83D2D7554DE0004D4B0 /* Assets.xcassets in Resources */ = {isa = PBXBuildFile; fileRef = 1DFDB83C2D7554DE0004D4B0 /* Assets.xcassets */; };
		1DFDB8402D7554DE0004D4B0 /* Preview Assets.xcassets in Resources */ = {isa = PBXBuildFile; fileRef = 1DFDB83F2D7554DE0004D4B0 /* Preview Assets.xcassets */; };
		1DFDB84A2D7554DE0004D4B0 /* FaockTests.swift in Sources */ = {isa = PBXBuildFile; fileRef = 1DFDB8492D7554DE0004D4B0 /* FaockTests.swift */; };
		1DFDB8542D7554DE0004D4B0 /* FaockUITests.swift in Sources */ = {isa = PBXBuildFile; fileRef = 1DFDB8532D7554DE0004D4B0 /* FaockUITests.swift */; };
		1DFDB8562D7554DE0004D4B0 /* FaockUITestsLaunchTests.swift in Sources */ = {isa = PBXBuildFile; fileRef = 1DFDB8552D7554DE0004D4B0 /* FaockUITestsLaunchTests.swift */; };
/* End PBXBuildFile section */

/* Begin PBXContainerItemProxy section */
		1DFDB8462D7554DE0004D4B0 /* PBXContainerItemProxy */ = {
			isa = PBXContainerItemProxy;
			containerPortal = 1DFDB82D2D7554DC0004D4B0 /* Project object */;
			proxyType = 1;
			remoteGlobalIDString = 1DFDB8342D7554DC0004D4B0;
			remoteInfo = Faock;
		};
		1DFDB8502D7554DE0004D4B0 /* PBXContainerItemProxy */ = {
			isa = PBXContainerItemProxy;
			containerPortal = 1DFDB82D2D7554DC0004D4B0 /* Project object */;
			proxyType = 1;
			remoteGlobalIDString = 1DFDB8342D7554DC0004D4B0;
			remoteInfo = Faock;
		};
/* End PBXContainerItemProxy section */

/* Begin PBXFileReference section */
		1D0B48872D82782F00413E4A /* GameMembershipView.swift */ = {isa = PBXFileReference; lastKnownFileType = sourcecode.swift; path = GameMembershipView.swift; sourceTree = "<group>"; };
		1D2DC4342D75A15A00F747F8 /* Color.swift */ = {isa = PBXFileReference; lastKnownFileType = sourcecode.swift; path = Color.swift; sourceTree = "<group>"; };
		1D2DC4362D75A34700F747F8 /* Game.swift */ = {isa = PBXFileReference; lastKnownFileType = sourcecode.swift; path = Game.swift; sourceTree = "<group>"; };
		1D2DC4382D75AAD800F747F8 /* Home.swift */ = {isa = PBXFileReference; lastKnownFileType = sourcecode.swift; path = Home.swift; sourceTree = "<group>"; };
		1D6165B22D75607000570095 /* Launch Screen.storyboard */ = {isa = PBXFileReference; lastKnownFileType = file.storyboard; path = "Launch Screen.storyboard"; sourceTree = "<group>"; };
		1D6165BB2D756AE000570095 /* Localizable.xcstrings */ = {isa = PBXFileReference; lastKnownFileType = text.json.xcstrings; path = Localizable.xcstrings; sourceTree = "<group>"; };
		1D6165BE2D756AE800570095 /* en */ = {isa = PBXFileReference; lastKnownFileType = text.plist.strings; name = en; path = en.lproj/InfoPlist.strings; sourceTree = "<group>"; };
		1D6165C02D756B1600570095 /* Info.plist */ = {isa = PBXFileReference; lastKnownFileType = text.plist; path = Info.plist; sourceTree = "<group>"; };
		1D6165C12D756B3100570095 /* ar */ = {isa = PBXFileReference; lastKnownFileType = text.plist.strings; name = ar; path = ar.lproj/InfoPlist.strings; sourceTree = "<group>"; };
		1D6165C22D756B5700570095 /* ca */ = {isa = PBXFileReference; lastKnownFileType = text.plist.strings; name = ca; path = ca.lproj/InfoPlist.strings; sourceTree = "<group>"; };
		1D6165C32D756C8700570095 /* zh-HK */ = {isa = PBXFileReference; lastKnownFileType = text.plist.strings; name = "zh-HK"; path = "zh-HK.lproj/InfoPlist.strings"; sourceTree = "<group>"; };
		1D6165C42D756C8700570095 /* zh-Hans */ = {isa = PBXFileReference; lastKnownFileType = text.plist.strings; name = "zh-Hans"; path = "zh-Hans.lproj/InfoPlist.strings"; sourceTree = "<group>"; };
		1D6165C52D756E2F00570095 /* zh-Hant */ = {isa = PBXFileReference; lastKnownFileType = text.plist.strings; name = "zh-Hant"; path = "zh-Hant.lproj/InfoPlist.strings"; sourceTree = "<group>"; };
		1D6165C72D756E3100570095 /* hr */ = {isa = PBXFileReference; lastKnownFileType = text.plist.strings; name = hr; path = hr.lproj/InfoPlist.strings; sourceTree = "<group>"; };
		1D6165C92D756E4000570095 /* cs */ = {isa = PBXFileReference; lastKnownFileType = text.plist.strings; name = cs; path = cs.lproj/InfoPlist.strings; sourceTree = "<group>"; };
		1D6165CA2D756E4300570095 /* da */ = {isa = PBXFileReference; lastKnownFileType = text.plist.strings; name = da; path = da.lproj/InfoPlist.strings; sourceTree = "<group>"; };
		1D6165CB2D756E4800570095 /* nl */ = {isa = PBXFileReference; lastKnownFileType = text.plist.strings; name = nl; path = nl.lproj/InfoPlist.strings; sourceTree = "<group>"; };
		1D6165CC2D756E4B00570095 /* en-AU */ = {isa = PBXFileReference; lastKnownFileType = text.plist.strings; name = "en-AU"; path = "en-AU.lproj/InfoPlist.strings"; sourceTree = "<group>"; };
		1D6165CD2D756E4C00570095 /* en-IN */ = {isa = PBXFileReference; lastKnownFileType = text.plist.strings; name = "en-IN"; path = "en-IN.lproj/InfoPlist.strings"; sourceTree = "<group>"; };
		1D6165CE2D756E4D00570095 /* en-GB */ = {isa = PBXFileReference; lastKnownFileType = text.plist.strings; name = "en-GB"; path = "en-GB.lproj/InfoPlist.strings"; sourceTree = "<group>"; };
		1D6165CF2D756E4F00570095 /* fi */ = {isa = PBXFileReference; lastKnownFileType = text.plist.strings; name = fi; path = fi.lproj/InfoPlist.strings; sourceTree = "<group>"; };
		1D6165D02D756E5000570095 /* fr */ = {isa = PBXFileReference; lastKnownFileType = text.plist.strings; name = fr; path = fr.lproj/InfoPlist.strings; sourceTree = "<group>"; };
		1D6165D12D756E5100570095 /* fr-CA */ = {isa = PBXFileReference; lastKnownFileType = text.plist.strings; name = "fr-CA"; path = "fr-CA.lproj/InfoPlist.strings"; sourceTree = "<group>"; };
		1D6165D22D756E5200570095 /* de */ = {isa = PBXFileReference; lastKnownFileType = text.plist.strings; name = de; path = de.lproj/InfoPlist.strings; sourceTree = "<group>"; };
		1D6165D32D756E5400570095 /* el */ = {isa = PBXFileReference; lastKnownFileType = text.plist.strings; name = el; path = el.lproj/InfoPlist.strings; sourceTree = "<group>"; };
		1D6165D42D756E5500570095 /* he */ = {isa = PBXFileReference; lastKnownFileType = text.plist.strings; name = he; path = he.lproj/InfoPlist.strings; sourceTree = "<group>"; };
		1D6165D52D756E5600570095 /* hi */ = {isa = PBXFileReference; lastKnownFileType = text.plist.strings; name = hi; path = hi.lproj/InfoPlist.strings; sourceTree = "<group>"; };
		1D6165D62D756E5600570095 /* hu */ = {isa = PBXFileReference; lastKnownFileType = text.plist.strings; name = hu; path = hu.lproj/InfoPlist.strings; sourceTree = "<group>"; };
		1D6165D72D756E5700570095 /* id */ = {isa = PBXFileReference; lastKnownFileType = text.plist.strings; name = id; path = id.lproj/InfoPlist.strings; sourceTree = "<group>"; };
		1D6165D82D756E5800570095 /* it */ = {isa = PBXFileReference; lastKnownFileType = text.plist.strings; name = it; path = it.lproj/InfoPlist.strings; sourceTree = "<group>"; };
		1D6165D92D756E5A00570095 /* ja */ = {isa = PBXFileReference; lastKnownFileType = text.plist.strings; name = ja; path = ja.lproj/InfoPlist.strings; sourceTree = "<group>"; };
		1D6165DA2D756E5B00570095 /* ko */ = {isa = PBXFileReference; lastKnownFileType = text.plist.strings; name = ko; path = ko.lproj/InfoPlist.strings; sourceTree = "<group>"; };
		1D6165DB2D756E5B00570095 /* ms */ = {isa = PBXFileReference; lastKnownFileType = text.plist.strings; name = ms; path = ms.lproj/InfoPlist.strings; sourceTree = "<group>"; };
		1D6165DC2D756E5C00570095 /* nb */ = {isa = PBXFileReference; lastKnownFileType = text.plist.strings; name = nb; path = nb.lproj/InfoPlist.strings; sourceTree = "<group>"; };
		1D6165DD2D756E5D00570095 /* pl */ = {isa = PBXFileReference; lastKnownFileType = text.plist.strings; name = pl; path = pl.lproj/InfoPlist.strings; sourceTree = "<group>"; };
		1D6165DE2D756E5E00570095 /* pt-BR */ = {isa = PBXFileReference; lastKnownFileType = text.plist.strings; name = "pt-BR"; path = "pt-BR.lproj/InfoPlist.strings"; sourceTree = "<group>"; };
		1D6165DF2D756E5E00570095 /* pt-PT */ = {isa = PBXFileReference; lastKnownFileType = text.plist.strings; name = "pt-PT"; path = "pt-PT.lproj/InfoPlist.strings"; sourceTree = "<group>"; };
		1D6165E02D756E5F00570095 /* ro */ = {isa = PBXFileReference; lastKnownFileType = text.plist.strings; name = ro; path = ro.lproj/InfoPlist.strings; sourceTree = "<group>"; };
		1D6165E12D756E6000570095 /* ru */ = {isa = PBXFileReference; lastKnownFileType = text.plist.strings; name = ru; path = ru.lproj/InfoPlist.strings; sourceTree = "<group>"; };
		1D6165E22D756E6000570095 /* sk */ = {isa = PBXFileReference; lastKnownFileType = text.plist.strings; name = sk; path = sk.lproj/InfoPlist.strings; sourceTree = "<group>"; };
		1D6165E32D756E6100570095 /* es */ = {isa = PBXFileReference; lastKnownFileType = text.plist.strings; name = es; path = es.lproj/InfoPlist.strings; sourceTree = "<group>"; };
		1D6165E42D756E6100570095 /* es-419 */ = {isa = PBXFileReference; lastKnownFileType = text.plist.strings; name = "es-419"; path = "es-419.lproj/InfoPlist.strings"; sourceTree = "<group>"; };
		1D6165E52D756E6200570095 /* sv */ = {isa = PBXFileReference; lastKnownFileType = text.plist.strings; name = sv; path = sv.lproj/InfoPlist.strings; sourceTree = "<group>"; };
		1D6165E62D756E6300570095 /* th */ = {isa = PBXFileReference; lastKnownFileType = text.plist.strings; name = th; path = th.lproj/InfoPlist.strings; sourceTree = "<group>"; };
		1D6165E72D756E6400570095 /* tr */ = {isa = PBXFileReference; lastKnownFileType = text.plist.strings; name = tr; path = tr.lproj/InfoPlist.strings; sourceTree = "<group>"; };
		1D6165E82D756E6400570095 /* uk */ = {isa = PBXFileReference; lastKnownFileType = text.plist.strings; name = uk; path = uk.lproj/InfoPlist.strings; sourceTree = "<group>"; };
		1D6165E92D756E6500570095 /* vi */ = {isa = PBXFileReference; lastKnownFileType = text.plist.strings; name = vi; path = vi.lproj/InfoPlist.strings; sourceTree = "<group>"; };
		1D61B2B82D769E2400E8CA91 /* GameGridView.swift */ = {isa = PBXFileReference; lastKnownFileType = sourcecode.swift; path = GameGridView.swift; sourceTree = "<group>"; };
		1D61B2BA2D76DB8A00E8CA91 /* DraggableBlockView.swift */ = {isa = PBXFileReference; lastKnownFileType = sourcecode.swift; path = DraggableBlockView.swift; sourceTree = "<group>"; };
		1D93B80D2D81D9DE002AB831 /* appVersion.swift */ = {isa = PBXFileReference; lastKnownFileType = sourcecode.swift; path = appVersion.swift; sourceTree = "<group>"; };
		1D93B80F2D81DA51002AB831 /* AppStorageManager.swift */ = {isa = PBXFileReference; lastKnownFileType = sourcecode.swift; path = AppStorageManager.swift; sourceTree = "<group>"; };
		1D93B8112D81DCD7002AB831 /* Faock.entitlements */ = {isa = PBXFileReference; lastKnownFileType = text.plist.entitlements; path = Faock.entitlements; sourceTree = "<group>"; };
		1DA4AEA52D7FE0A500B0BB03 /* SettingView.swift */ = {isa = PBXFileReference; lastKnownFileType = sourcecode.swift; path = SettingView.swift; sourceTree = "<group>"; };
		1DC681182D82AB8600B7C19E /* ManageGameDataViews.swift */ = {isa = PBXFileReference; lastKnownFileType = sourcecode.swift; path = ManageGameDataViews.swift; sourceTree = "<group>"; };
		1DC6811A2D82B8A000B7C19E /* BlockSkinView.swift */ = {isa = PBXFileReference; lastKnownFileType = sourcecode.swift; path = BlockSkinView.swift; sourceTree = "<group>"; };
		1DC6811C2D82B8C500B7C19E /* ChessboardSkinView.swift */ = {isa = PBXFileReference; lastKnownFileType = sourcecode.swift; path = ChessboardSkinView.swift; sourceTree = "<group>"; };
		1DC6811E2D82B90900B7C19E /* AboutUsView.swift */ = {isa = PBXFileReference; lastKnownFileType = sourcecode.swift; path = AboutUsView.swift; sourceTree = "<group>"; };
		1DC681202D82B9A800B7C19E /* AcknowledgementsView.swift */ = {isa = PBXFileReference; lastKnownFileType = sourcecode.swift; path = AcknowledgementsView.swift; sourceTree = "<group>"; };
		1DC8E8992D7D429000EC9AA0 /* SoundManager.swift */ = {isa = PBXFileReference; lastKnownFileType = sourcecode.swift; path = SoundManager.swift; sourceTree = "<group>"; };
		1DC8E89C2D7D43A400EC9AA0 /* blockSound.mp3 */ = {isa = PBXFileReference; lastKnownFileType = audio.mp3; path = blockSound.mp3; sourceTree = "<group>"; };
		1DC8E8A02D7D467200EC9AA0 /* clearSoundeffects.mp3 */ = {isa = PBXFileReference; lastKnownFileType = audio.mp3; path = clearSoundeffects.mp3; sourceTree = "<group>"; };
		1DE77FE42D7FC6F1000450E9 /* Fireworks1.json */ = {isa = PBXFileReference; fileEncoding = 4; lastKnownFileType = text.json; path = Fireworks1.json; sourceTree = "<group>"; };
		1DE77FE52D7FC6F1000450E9 /* Fireworks2.json */ = {isa = PBXFileReference; fileEncoding = 4; lastKnownFileType = text.json; path = Fireworks2.json; sourceTree = "<group>"; };
		1DE77FE82D7FC708000450E9 /* LottieView.swift */ = {isa = PBXFileReference; lastKnownFileType = sourcecode.swift; path = LottieView.swift; sourceTree = "<group>"; };
		1DF103D42D75F0C500A5B23D /* GameViewModel.swift */ = {isa = PBXFileReference; lastKnownFileType = sourcecode.swift; path = GameViewModel.swift; sourceTree = "<group>"; };
		1DF103D62D75F0E000A5B23D /* GridView.swift */ = {isa = PBXFileReference; lastKnownFileType = sourcecode.swift; path = GridView.swift; sourceTree = "<group>"; };
		1DF103D82D75F11800A5B23D /* BlockView.swift */ = {isa = PBXFileReference; lastKnownFileType = sourcecode.swift; path = BlockView.swift; sourceTree = "<group>"; };
		1DF103DA2D75F16600A5B23D /* Block.swift */ = {isa = PBXFileReference; lastKnownFileType = sourcecode.swift; path = Block.swift; sourceTree = "<group>"; };
		1DFDB8352D7554DC0004D4B0 /* Faock.app */ = {isa = PBXFileReference; explicitFileType = wrapper.application; includeInIndex = 0; path = Faock.app; sourceTree = BUILT_PRODUCTS_DIR; };
		1DFDB8382D7554DC0004D4B0 /* FaockApp.swift */ = {isa = PBXFileReference; lastKnownFileType = sourcecode.swift; path = FaockApp.swift; sourceTree = "<group>"; };
		1DFDB83A2D7554DC0004D4B0 /* ContentView.swift */ = {isa = PBXFileReference; lastKnownFileType = sourcecode.swift; path = ContentView.swift; sourceTree = "<group>"; };
		1DFDB83C2D7554DE0004D4B0 /* Assets.xcassets */ = {isa = PBXFileReference; lastKnownFileType = folder.assetcatalog; path = Assets.xcassets; sourceTree = "<group>"; };
		1DFDB83F2D7554DE0004D4B0 /* Preview Assets.xcassets */ = {isa = PBXFileReference; lastKnownFileType = folder.assetcatalog; path = "Preview Assets.xcassets"; sourceTree = "<group>"; };
		1DFDB8452D7554DE0004D4B0 /* FaockTests.xctest */ = {isa = PBXFileReference; explicitFileType = wrapper.cfbundle; includeInIndex = 0; path = FaockTests.xctest; sourceTree = BUILT_PRODUCTS_DIR; };
		1DFDB8492D7554DE0004D4B0 /* FaockTests.swift */ = {isa = PBXFileReference; lastKnownFileType = sourcecode.swift; path = FaockTests.swift; sourceTree = "<group>"; };
		1DFDB84F2D7554DE0004D4B0 /* FaockUITests.xctest */ = {isa = PBXFileReference; explicitFileType = wrapper.cfbundle; includeInIndex = 0; path = FaockUITests.xctest; sourceTree = BUILT_PRODUCTS_DIR; };
		1DFDB8532D7554DE0004D4B0 /* FaockUITests.swift */ = {isa = PBXFileReference; lastKnownFileType = sourcecode.swift; path = FaockUITests.swift; sourceTree = "<group>"; };
		1DFDB8552D7554DE0004D4B0 /* FaockUITestsLaunchTests.swift */ = {isa = PBXFileReference; lastKnownFileType = sourcecode.swift; path = FaockUITestsLaunchTests.swift; sourceTree = "<group>"; };
/* End PBXFileReference section */

/* Begin PBXFrameworksBuildPhase section */
		1DFDB8322D7554DC0004D4B0 /* Frameworks */ = {
			isa = PBXFrameworksBuildPhase;
			buildActionMask = 2147483647;
			files = (
				1DE77FDF2D7FC691000450E9 /* Lottie in Frameworks */,
			);
			runOnlyForDeploymentPostprocessing = 0;
		};
		1DFDB8422D7554DE0004D4B0 /* Frameworks */ = {
			isa = PBXFrameworksBuildPhase;
			buildActionMask = 2147483647;
			files = (
			);
			runOnlyForDeploymentPostprocessing = 0;
		};
		1DFDB84C2D7554DE0004D4B0 /* Frameworks */ = {
			isa = PBXFrameworksBuildPhase;
			buildActionMask = 2147483647;
			files = (
			);
			runOnlyForDeploymentPostprocessing = 0;
		};
/* End PBXFrameworksBuildPhase section */

/* Begin PBXGroup section */
		1D6165B42D75669D00570095 /* View */ = {
			isa = PBXGroup;
			children = (
				1D2DC4362D75A34700F747F8 /* Game.swift */,
				1D2DC4382D75AAD800F747F8 /* Home.swift */,
				1DF103D62D75F0E000A5B23D /* GridView.swift */,
				1DF103D82D75F11800A5B23D /* BlockView.swift */,
				1D61B2B82D769E2400E8CA91 /* GameGridView.swift */,
				1D61B2BA2D76DB8A00E8CA91 /* DraggableBlockView.swift */,
				1DA4AEA52D7FE0A500B0BB03 /* SettingView.swift */,
				1D0B48872D82782F00413E4A /* GameMembershipView.swift */,
				1DC681182D82AB8600B7C19E /* ManageGameDataViews.swift */,
				1DC6811A2D82B8A000B7C19E /* BlockSkinView.swift */,
				1DC6811C2D82B8C500B7C19E /* ChessboardSkinView.swift */,
				1DC6811E2D82B90900B7C19E /* AboutUsView.swift */,
				1DC681202D82B9A800B7C19E /* AcknowledgementsView.swift */,
			);
			path = View;
			sourceTree = "<group>";
		};
		1D6165B52D7566A200570095 /* Model */ = {
			isa = PBXGroup;
			children = (
				1D2DC4342D75A15A00F747F8 /* Color.swift */,
				1DF103DA2D75F16600A5B23D /* Block.swift */,
				1DC8E8992D7D429000EC9AA0 /* SoundManager.swift */,
				1D93B80D2D81D9DE002AB831 /* appVersion.swift */,
				1D93B80F2D81DA51002AB831 /* AppStorageManager.swift */,
			);
			path = Model;
			sourceTree = "<group>";
		};
		1D6165B62D7566A700570095 /* ViewModel */ = {
			isa = PBXGroup;
			children = (
				1DF103D42D75F0C500A5B23D /* GameViewModel.swift */,
				1DE77FE82D7FC708000450E9 /* LottieView.swift */,
			);
			path = ViewModel;
			sourceTree = "<group>";
		};
		1D6165BA2D756AC900570095 /* String */ = {
			isa = PBXGroup;
			children = (
				1D6165BB2D756AE000570095 /* Localizable.xcstrings */,
				1D6165BD2D756AE800570095 /* InfoPlist.strings */,
			);
			path = String;
			sourceTree = "<group>";
		};
		1DC8E89B2D7D439C00EC9AA0 /* Sound */ = {
			isa = PBXGroup;
			children = (
				1DC8E8A02D7D467200EC9AA0 /* clearSoundeffects.mp3 */,
				1DC8E89C2D7D43A400EC9AA0 /* blockSound.mp3 */,
			);
			path = Sound;
			sourceTree = "<group>";
		};
		1DE77FE32D7FC6E5000450E9 /* Animation */ = {
			isa = PBXGroup;
			children = (
				1DE77FE42D7FC6F1000450E9 /* Fireworks1.json */,
				1DE77FE52D7FC6F1000450E9 /* Fireworks2.json */,
			);
			path = Animation;
			sourceTree = "<group>";
		};
		1DFDB82C2D7554DC0004D4B0 = {
			isa = PBXGroup;
			children = (
				1DFDB8372D7554DC0004D4B0 /* Faock */,
				1DFDB8482D7554DE0004D4B0 /* FaockTests */,
				1DFDB8522D7554DE0004D4B0 /* FaockUITests */,
				1DFDB8362D7554DC0004D4B0 /* Products */,
			);
			sourceTree = "<group>";
		};
		1DFDB8362D7554DC0004D4B0 /* Products */ = {
			isa = PBXGroup;
			children = (
				1DFDB8352D7554DC0004D4B0 /* Faock.app */,
				1DFDB8452D7554DE0004D4B0 /* FaockTests.xctest */,
				1DFDB84F2D7554DE0004D4B0 /* FaockUITests.xctest */,
			);
			name = Products;
			sourceTree = "<group>";
		};
		1DFDB8372D7554DC0004D4B0 /* Faock */ = {
			isa = PBXGroup;
			children = (
				1D93B8112D81DCD7002AB831 /* Faock.entitlements */,
				1DE77FE32D7FC6E5000450E9 /* Animation */,
				1DC8E89B2D7D439C00EC9AA0 /* Sound */,
				1D6165C02D756B1600570095 /* Info.plist */,
				1D6165BA2D756AC900570095 /* String */,
				1D6165B62D7566A700570095 /* ViewModel */,
				1D6165B52D7566A200570095 /* Model */,
				1D6165B42D75669D00570095 /* View */,
				1DFDB8382D7554DC0004D4B0 /* FaockApp.swift */,
				1DFDB83A2D7554DC0004D4B0 /* ContentView.swift */,
				1DFDB83C2D7554DE0004D4B0 /* Assets.xcassets */,
				1DFDB83E2D7554DE0004D4B0 /* Preview Content */,
				1D6165B22D75607000570095 /* Launch Screen.storyboard */,
			);
			path = Faock;
			sourceTree = "<group>";
		};
		1DFDB83E2D7554DE0004D4B0 /* Preview Content */ = {
			isa = PBXGroup;
			children = (
				1DFDB83F2D7554DE0004D4B0 /* Preview Assets.xcassets */,
			);
			path = "Preview Content";
			sourceTree = "<group>";
		};
		1DFDB8482D7554DE0004D4B0 /* FaockTests */ = {
			isa = PBXGroup;
			children = (
				1DFDB8492D7554DE0004D4B0 /* FaockTests.swift */,
			);
			path = FaockTests;
			sourceTree = "<group>";
		};
		1DFDB8522D7554DE0004D4B0 /* FaockUITests */ = {
			isa = PBXGroup;
			children = (
				1DFDB8532D7554DE0004D4B0 /* FaockUITests.swift */,
				1DFDB8552D7554DE0004D4B0 /* FaockUITestsLaunchTests.swift */,
			);
			path = FaockUITests;
			sourceTree = "<group>";
		};
/* End PBXGroup section */

/* Begin PBXNativeTarget section */
		1DFDB8342D7554DC0004D4B0 /* Faock */ = {
			isa = PBXNativeTarget;
			buildConfigurationList = 1DFDB8592D7554DE0004D4B0 /* Build configuration list for PBXNativeTarget "Faock" */;
			buildPhases = (
				1DFDB8312D7554DC0004D4B0 /* Sources */,
				1DFDB8322D7554DC0004D4B0 /* Frameworks */,
				1DFDB8332D7554DC0004D4B0 /* Resources */,
			);
			buildRules = (
			);
			dependencies = (
			);
			name = Faock;
			packageProductDependencies = (
				1DE77FDE2D7FC691000450E9 /* Lottie */,
			);
			productName = Faock;
			productReference = 1DFDB8352D7554DC0004D4B0 /* Faock.app */;
			productType = "com.apple.product-type.application";
		};
		1DFDB8442D7554DE0004D4B0 /* FaockTests */ = {
			isa = PBXNativeTarget;
			buildConfigurationList = 1DFDB85C2D7554DE0004D4B0 /* Build configuration list for PBXNativeTarget "FaockTests" */;
			buildPhases = (
				1DFDB8412D7554DE0004D4B0 /* Sources */,
				1DFDB8422D7554DE0004D4B0 /* Frameworks */,
				1DFDB8432D7554DE0004D4B0 /* Resources */,
			);
			buildRules = (
			);
			dependencies = (
				1DFDB8472D7554DE0004D4B0 /* PBXTargetDependency */,
			);
			name = FaockTests;
			productName = FaockTests;
			productReference = 1DFDB8452D7554DE0004D4B0 /* FaockTests.xctest */;
			productType = "com.apple.product-type.bundle.unit-test";
		};
		1DFDB84E2D7554DE0004D4B0 /* FaockUITests */ = {
			isa = PBXNativeTarget;
			buildConfigurationList = 1DFDB85F2D7554DE0004D4B0 /* Build configuration list for PBXNativeTarget "FaockUITests" */;
			buildPhases = (
				1DFDB84B2D7554DE0004D4B0 /* Sources */,
				1DFDB84C2D7554DE0004D4B0 /* Frameworks */,
				1DFDB84D2D7554DE0004D4B0 /* Resources */,
			);
			buildRules = (
			);
			dependencies = (
				1DFDB8512D7554DE0004D4B0 /* PBXTargetDependency */,
			);
			name = FaockUITests;
			productName = FaockUITests;
			productReference = 1DFDB84F2D7554DE0004D4B0 /* FaockUITests.xctest */;
			productType = "com.apple.product-type.bundle.ui-testing";
		};
/* End PBXNativeTarget section */

/* Begin PBXProject section */
		1DFDB82D2D7554DC0004D4B0 /* Project object */ = {
			isa = PBXProject;
			attributes = {
				BuildIndependentTargetsInParallel = 1;
				LastSwiftUpdateCheck = 1540;
				LastUpgradeCheck = 1540;
				TargetAttributes = {
					1DFDB8342D7554DC0004D4B0 = {
						CreatedOnToolsVersion = 15.4;
					};
					1DFDB8442D7554DE0004D4B0 = {
						CreatedOnToolsVersion = 15.4;
						TestTargetID = 1DFDB8342D7554DC0004D4B0;
					};
					1DFDB84E2D7554DE0004D4B0 = {
						CreatedOnToolsVersion = 15.4;
						TestTargetID = 1DFDB8342D7554DC0004D4B0;
					};
				};
			};
			buildConfigurationList = 1DFDB8302D7554DC0004D4B0 /* Build configuration list for PBXProject "Faock" */;
			compatibilityVersion = "Xcode 14.0";
			developmentRegion = en;
			hasScannedForEncodings = 0;
			knownRegions = (
				en,
				Base,
				ar,
				ca,
				"zh-HK",
				"zh-Hans",
				"zh-Hant",
				hr,
				cs,
				da,
				nl,
				"en-AU",
				"en-IN",
				"en-GB",
				fi,
				fr,
				"fr-CA",
				de,
				el,
				he,
				hi,
				hu,
				id,
				it,
				ja,
				ko,
				ms,
				nb,
				pl,
				"pt-BR",
				"pt-PT",
				ro,
				ru,
				sk,
				es,
				"es-419",
				sv,
				th,
				tr,
				uk,
				vi,
			);
			mainGroup = 1DFDB82C2D7554DC0004D4B0;
			packageReferences = (
				1DE77FDD2D7FC691000450E9 /* XCRemoteSwiftPackageReference "lottie-ios" */,
			);
			productRefGroup = 1DFDB8362D7554DC0004D4B0 /* Products */;
			projectDirPath = "";
			projectRoot = "";
			targets = (
				1DFDB8342D7554DC0004D4B0 /* Faock */,
				1DFDB8442D7554DE0004D4B0 /* FaockTests */,
				1DFDB84E2D7554DE0004D4B0 /* FaockUITests */,
			);
		};
/* End PBXProject section */

/* Begin PBXResourcesBuildPhase section */
		1DFDB8332D7554DC0004D4B0 /* Resources */ = {
			isa = PBXResourcesBuildPhase;
			buildActionMask = 2147483647;
			files = (
				1D6165B32D75607000570095 /* Launch Screen.storyboard in Resources */,
				1DFDB8402D7554DE0004D4B0 /* Preview Assets.xcassets in Resources */,
				1D6165BC2D756AE000570095 /* Localizable.xcstrings in Resources */,
				1DFDB83D2D7554DE0004D4B0 /* Assets.xcassets in Resources */,
				1DE77FE62D7FC6F1000450E9 /* Fireworks1.json in Resources */,
				1DC8E8A12D7D467200EC9AA0 /* clearSoundeffects.mp3 in Resources */,
				1DE77FE72D7FC6F1000450E9 /* Fireworks2.json in Resources */,
				1DC8E89D2D7D43A400EC9AA0 /* blockSound.mp3 in Resources */,
				1D6165BF2D756AE800570095 /* InfoPlist.strings in Resources */,
			);
			runOnlyForDeploymentPostprocessing = 0;
		};
		1DFDB8432D7554DE0004D4B0 /* Resources */ = {
			isa = PBXResourcesBuildPhase;
			buildActionMask = 2147483647;
			files = (
			);
			runOnlyForDeploymentPostprocessing = 0;
		};
		1DFDB84D2D7554DE0004D4B0 /* Resources */ = {
			isa = PBXResourcesBuildPhase;
			buildActionMask = 2147483647;
			files = (
			);
			runOnlyForDeploymentPostprocessing = 0;
		};
/* End PBXResourcesBuildPhase section */

/* Begin PBXSourcesBuildPhase section */
		1DFDB8312D7554DC0004D4B0 /* Sources */ = {
			isa = PBXSourcesBuildPhase;
			buildActionMask = 2147483647;
			files = (
				1DF103D92D75F11800A5B23D /* BlockView.swift in Sources */,
				1DC6811D2D82B8C500B7C19E /* ChessboardSkinView.swift in Sources */,
				1DF103D52D75F0C500A5B23D /* GameViewModel.swift in Sources */,
				1DFDB83B2D7554DC0004D4B0 /* ContentView.swift in Sources */,
				1D93B8102D81DA51002AB831 /* AppStorageManager.swift in Sources */,
				1DA4AEA62D7FE0A500B0BB03 /* SettingView.swift in Sources */,
				1DFDB8392D7554DC0004D4B0 /* FaockApp.swift in Sources */,
				1DF103D72D75F0E000A5B23D /* GridView.swift in Sources */,
				1DC8E89A2D7D429000EC9AA0 /* SoundManager.swift in Sources */,
				1D0B48882D82782F00413E4A /* GameMembershipView.swift in Sources */,
				1D2DC4392D75AAD800F747F8 /* Home.swift in Sources */,
				1D93B80E2D81D9DE002AB831 /* appVersion.swift in Sources */,
				1DC681192D82AB8600B7C19E /* ManageGameDataViews.swift in Sources */,
				1DC681212D82B9A800B7C19E /* AcknowledgementsView.swift in Sources */,
				1DC6811F2D82B90900B7C19E /* AboutUsView.swift in Sources */,
				1DF103DB2D75F16600A5B23D /* Block.swift in Sources */,
				1DC6811B2D82B8A000B7C19E /* BlockSkinView.swift in Sources */,
				1DE77FE92D7FC708000450E9 /* LottieView.swift in Sources */,
				1D61B2BB2D76DB8A00E8CA91 /* DraggableBlockView.swift in Sources */,
				1D2DC4352D75A15A00F747F8 /* Color.swift in Sources */,
				1D61B2B92D769E2400E8CA91 /* GameGridView.swift in Sources */,
				1D2DC4372D75A34700F747F8 /* Game.swift in Sources */,
			);
			runOnlyForDeploymentPostprocessing = 0;
		};
		1DFDB8412D7554DE0004D4B0 /* Sources */ = {
			isa = PBXSourcesBuildPhase;
			buildActionMask = 2147483647;
			files = (
				1DFDB84A2D7554DE0004D4B0 /* FaockTests.swift in Sources */,
			);
			runOnlyForDeploymentPostprocessing = 0;
		};
		1DFDB84B2D7554DE0004D4B0 /* Sources */ = {
			isa = PBXSourcesBuildPhase;
			buildActionMask = 2147483647;
			files = (
				1DFDB8542D7554DE0004D4B0 /* FaockUITests.swift in Sources */,
				1DFDB8562D7554DE0004D4B0 /* FaockUITestsLaunchTests.swift in Sources */,
			);
			runOnlyForDeploymentPostprocessing = 0;
		};
/* End PBXSourcesBuildPhase section */

/* Begin PBXTargetDependency section */
		1DFDB8472D7554DE0004D4B0 /* PBXTargetDependency */ = {
			isa = PBXTargetDependency;
			target = 1DFDB8342D7554DC0004D4B0 /* Faock */;
			targetProxy = 1DFDB8462D7554DE0004D4B0 /* PBXContainerItemProxy */;
		};
		1DFDB8512D7554DE0004D4B0 /* PBXTargetDependency */ = {
			isa = PBXTargetDependency;
			target = 1DFDB8342D7554DC0004D4B0 /* Faock */;
			targetProxy = 1DFDB8502D7554DE0004D4B0 /* PBXContainerItemProxy */;
		};
/* End PBXTargetDependency section */

/* Begin PBXVariantGroup section */
		1D6165BD2D756AE800570095 /* InfoPlist.strings */ = {
			isa = PBXVariantGroup;
			children = (
				1D6165BE2D756AE800570095 /* en */,
				1D6165C12D756B3100570095 /* ar */,
				1D6165C22D756B5700570095 /* ca */,
				1D6165C32D756C8700570095 /* zh-HK */,
				1D6165C42D756C8700570095 /* zh-Hans */,
				1D6165C52D756E2F00570095 /* zh-Hant */,
				1D6165C72D756E3100570095 /* hr */,
				1D6165C92D756E4000570095 /* cs */,
				1D6165CA2D756E4300570095 /* da */,
				1D6165CB2D756E4800570095 /* nl */,
				1D6165CC2D756E4B00570095 /* en-AU */,
				1D6165CD2D756E4C00570095 /* en-IN */,
				1D6165CE2D756E4D00570095 /* en-GB */,
				1D6165CF2D756E4F00570095 /* fi */,
				1D6165D02D756E5000570095 /* fr */,
				1D6165D12D756E5100570095 /* fr-CA */,
				1D6165D22D756E5200570095 /* de */,
				1D6165D32D756E5400570095 /* el */,
				1D6165D42D756E5500570095 /* he */,
				1D6165D52D756E5600570095 /* hi */,
				1D6165D62D756E5600570095 /* hu */,
				1D6165D72D756E5700570095 /* id */,
				1D6165D82D756E5800570095 /* it */,
				1D6165D92D756E5A00570095 /* ja */,
				1D6165DA2D756E5B00570095 /* ko */,
				1D6165DB2D756E5B00570095 /* ms */,
				1D6165DC2D756E5C00570095 /* nb */,
				1D6165DD2D756E5D00570095 /* pl */,
				1D6165DE2D756E5E00570095 /* pt-BR */,
				1D6165DF2D756E5E00570095 /* pt-PT */,
				1D6165E02D756E5F00570095 /* ro */,
				1D6165E12D756E6000570095 /* ru */,
				1D6165E22D756E6000570095 /* sk */,
				1D6165E32D756E6100570095 /* es */,
				1D6165E42D756E6100570095 /* es-419 */,
				1D6165E52D756E6200570095 /* sv */,
				1D6165E62D756E6300570095 /* th */,
				1D6165E72D756E6400570095 /* tr */,
				1D6165E82D756E6400570095 /* uk */,
				1D6165E92D756E6500570095 /* vi */,
			);
			name = InfoPlist.strings;
			sourceTree = "<group>";
		};
/* End PBXVariantGroup section */

/* Begin XCBuildConfiguration section */
		1DFDB8572D7554DE0004D4B0 /* Debug */ = {
			isa = XCBuildConfiguration;
			buildSettings = {
				ALWAYS_SEARCH_USER_PATHS = NO;
				ASSETCATALOG_COMPILER_GENERATE_SWIFT_ASSET_SYMBOL_EXTENSIONS = YES;
				CLANG_ANALYZER_LOCALIZABILITY_NONLOCALIZED = YES;
				CLANG_ANALYZER_NONNULL = YES;
				CLANG_ANALYZER_NUMBER_OBJECT_CONVERSION = YES_AGGRESSIVE;
				CLANG_CXX_LANGUAGE_STANDARD = "gnu++20";
				CLANG_ENABLE_MODULES = YES;
				CLANG_ENABLE_OBJC_ARC = YES;
				CLANG_ENABLE_OBJC_WEAK = YES;
				CLANG_WARN_BLOCK_CAPTURE_AUTORELEASING = YES;
				CLANG_WARN_BOOL_CONVERSION = YES;
				CLANG_WARN_COMMA = YES;
				CLANG_WARN_CONSTANT_CONVERSION = YES;
				CLANG_WARN_DEPRECATED_OBJC_IMPLEMENTATIONS = YES;
				CLANG_WARN_DIRECT_OBJC_ISA_USAGE = YES_ERROR;
				CLANG_WARN_DOCUMENTATION_COMMENTS = YES;
				CLANG_WARN_EMPTY_BODY = YES;
				CLANG_WARN_ENUM_CONVERSION = YES;
				CLANG_WARN_INFINITE_RECURSION = YES;
				CLANG_WARN_INT_CONVERSION = YES;
				CLANG_WARN_NON_LITERAL_NULL_CONVERSION = YES;
				CLANG_WARN_OBJC_IMPLICIT_RETAIN_SELF = YES;
				CLANG_WARN_OBJC_LITERAL_CONVERSION = YES;
				CLANG_WARN_OBJC_ROOT_CLASS = YES_ERROR;
				CLANG_WARN_QUOTED_INCLUDE_IN_FRAMEWORK_HEADER = YES;
				CLANG_WARN_RANGE_LOOP_ANALYSIS = YES;
				CLANG_WARN_STRICT_PROTOTYPES = YES;
				CLANG_WARN_SUSPICIOUS_MOVE = YES;
				CLANG_WARN_UNGUARDED_AVAILABILITY = YES_AGGRESSIVE;
				CLANG_WARN_UNREACHABLE_CODE = YES;
				CLANG_WARN__DUPLICATE_METHOD_MATCH = YES;
				COPY_PHASE_STRIP = NO;
				DEBUG_INFORMATION_FORMAT = dwarf;
				ENABLE_STRICT_OBJC_MSGSEND = YES;
				ENABLE_TESTABILITY = YES;
				ENABLE_USER_SCRIPT_SANDBOXING = YES;
				GCC_C_LANGUAGE_STANDARD = gnu17;
				GCC_DYNAMIC_NO_PIC = NO;
				GCC_NO_COMMON_BLOCKS = YES;
				GCC_OPTIMIZATION_LEVEL = 0;
				GCC_PREPROCESSOR_DEFINITIONS = (
					"DEBUG=1",
					"$(inherited)",
				);
				GCC_WARN_64_TO_32_BIT_CONVERSION = YES;
				GCC_WARN_ABOUT_RETURN_TYPE = YES_ERROR;
				GCC_WARN_UNDECLARED_SELECTOR = YES;
				GCC_WARN_UNINITIALIZED_AUTOS = YES_AGGRESSIVE;
				GCC_WARN_UNUSED_FUNCTION = YES;
				GCC_WARN_UNUSED_VARIABLE = YES;
				IPHONEOS_DEPLOYMENT_TARGET = 17.5;
				LOCALIZATION_PREFERS_STRING_CATALOGS = YES;
				MTL_ENABLE_DEBUG_INFO = INCLUDE_SOURCE;
				MTL_FAST_MATH = YES;
				ONLY_ACTIVE_ARCH = YES;
				SDKROOT = iphoneos;
				SWIFT_ACTIVE_COMPILATION_CONDITIONS = "DEBUG $(inherited)";
				SWIFT_OPTIMIZATION_LEVEL = "-Onone";
			};
			name = Debug;
		};
		1DFDB8582D7554DE0004D4B0 /* Release */ = {
			isa = XCBuildConfiguration;
			buildSettings = {
				ALWAYS_SEARCH_USER_PATHS = NO;
				ASSETCATALOG_COMPILER_GENERATE_SWIFT_ASSET_SYMBOL_EXTENSIONS = YES;
				CLANG_ANALYZER_LOCALIZABILITY_NONLOCALIZED = YES;
				CLANG_ANALYZER_NONNULL = YES;
				CLANG_ANALYZER_NUMBER_OBJECT_CONVERSION = YES_AGGRESSIVE;
				CLANG_CXX_LANGUAGE_STANDARD = "gnu++20";
				CLANG_ENABLE_MODULES = YES;
				CLANG_ENABLE_OBJC_ARC = YES;
				CLANG_ENABLE_OBJC_WEAK = YES;
				CLANG_WARN_BLOCK_CAPTURE_AUTORELEASING = YES;
				CLANG_WARN_BOOL_CONVERSION = YES;
				CLANG_WARN_COMMA = YES;
				CLANG_WARN_CONSTANT_CONVERSION = YES;
				CLANG_WARN_DEPRECATED_OBJC_IMPLEMENTATIONS = YES;
				CLANG_WARN_DIRECT_OBJC_ISA_USAGE = YES_ERROR;
				CLANG_WARN_DOCUMENTATION_COMMENTS = YES;
				CLANG_WARN_EMPTY_BODY = YES;
				CLANG_WARN_ENUM_CONVERSION = YES;
				CLANG_WARN_INFINITE_RECURSION = YES;
				CLANG_WARN_INT_CONVERSION = YES;
				CLANG_WARN_NON_LITERAL_NULL_CONVERSION = YES;
				CLANG_WARN_OBJC_IMPLICIT_RETAIN_SELF = YES;
				CLANG_WARN_OBJC_LITERAL_CONVERSION = YES;
				CLANG_WARN_OBJC_ROOT_CLASS = YES_ERROR;
				CLANG_WARN_QUOTED_INCLUDE_IN_FRAMEWORK_HEADER = YES;
				CLANG_WARN_RANGE_LOOP_ANALYSIS = YES;
				CLANG_WARN_STRICT_PROTOTYPES = YES;
				CLANG_WARN_SUSPICIOUS_MOVE = YES;
				CLANG_WARN_UNGUARDED_AVAILABILITY = YES_AGGRESSIVE;
				CLANG_WARN_UNREACHABLE_CODE = YES;
				CLANG_WARN__DUPLICATE_METHOD_MATCH = YES;
				COPY_PHASE_STRIP = NO;
				DEBUG_INFORMATION_FORMAT = "dwarf-with-dsym";
				ENABLE_NS_ASSERTIONS = NO;
				ENABLE_STRICT_OBJC_MSGSEND = YES;
				ENABLE_USER_SCRIPT_SANDBOXING = YES;
				GCC_C_LANGUAGE_STANDARD = gnu17;
				GCC_NO_COMMON_BLOCKS = YES;
				GCC_WARN_64_TO_32_BIT_CONVERSION = YES;
				GCC_WARN_ABOUT_RETURN_TYPE = YES_ERROR;
				GCC_WARN_UNDECLARED_SELECTOR = YES;
				GCC_WARN_UNINITIALIZED_AUTOS = YES_AGGRESSIVE;
				GCC_WARN_UNUSED_FUNCTION = YES;
				GCC_WARN_UNUSED_VARIABLE = YES;
				IPHONEOS_DEPLOYMENT_TARGET = 17.5;
				LOCALIZATION_PREFERS_STRING_CATALOGS = YES;
				MTL_ENABLE_DEBUG_INFO = NO;
				MTL_FAST_MATH = YES;
				SDKROOT = iphoneos;
				SWIFT_COMPILATION_MODE = wholemodule;
				VALIDATE_PRODUCT = YES;
			};
			name = Release;
		};
		1DFDB85A2D7554DE0004D4B0 /* Debug */ = {
			isa = XCBuildConfiguration;
			buildSettings = {
				ASSETCATALOG_COMPILER_APPICON_NAME = AppIcon;
				ASSETCATALOG_COMPILER_GLOBAL_ACCENT_COLOR_NAME = AccentColor;
				CODE_SIGN_ENTITLEMENTS = Faock/Faock.entitlements;
				CODE_SIGN_STYLE = Automatic;
				CURRENT_PROJECT_VERSION = 1;
				DEVELOPMENT_ASSET_PATHS = "\"Faock/Preview Content\"";
				DEVELOPMENT_TEAM = RRMSD743UQ;
				ENABLE_PREVIEWS = YES;
				GENERATE_INFOPLIST_FILE = YES;
				INFOPLIST_FILE = Faock/Info.plist;
				INFOPLIST_KEY_CFBundleDisplayName = Faock;
				INFOPLIST_KEY_UIApplicationSceneManifest_Generation = YES;
				INFOPLIST_KEY_UIApplicationSupportsIndirectInputEvents = YES;
				INFOPLIST_KEY_UILaunchScreen_Generation = YES;
				INFOPLIST_KEY_UILaunchStoryboardName = "Launch Screen.storyboard";
				INFOPLIST_KEY_UIStatusBarStyle = "";
				INFOPLIST_KEY_UISupportedInterfaceOrientations = UIInterfaceOrientationPortrait;
				INFOPLIST_KEY_UISupportedInterfaceOrientations_iPad = "UIInterfaceOrientationLandscapeLeft UIInterfaceOrientationLandscapeRight UIInterfaceOrientationPortrait UIInterfaceOrientationPortraitUpsideDown";
				IPHONEOS_DEPLOYMENT_TARGET = 15.0;
				LD_RUNPATH_SEARCH_PATHS = (
					"$(inherited)",
					"@executable_path/Frameworks",
				);
				MARKETING_VERSION = 1.0.0;
				PRODUCT_BUNDLE_IDENTIFIER = com.fangjunyu.Faock;
				PRODUCT_NAME = "$(TARGET_NAME)";
				SUPPORTED_PLATFORMS = "iphoneos iphonesimulator";
				SUPPORTS_MACCATALYST = NO;
				SUPPORTS_XR_DESIGNED_FOR_IPHONE_IPAD = YES;
				SWIFT_EMIT_LOC_STRINGS = YES;
				SWIFT_VERSION = 5.0;
				TARGETED_DEVICE_FAMILY = "1,2";
			};
			name = Debug;
		};
		1DFDB85B2D7554DE0004D4B0 /* Release */ = {
			isa = XCBuildConfiguration;
			buildSettings = {
				ASSETCATALOG_COMPILER_APPICON_NAME = AppIcon;
				ASSETCATALOG_COMPILER_GLOBAL_ACCENT_COLOR_NAME = AccentColor;
				CODE_SIGN_ENTITLEMENTS = Faock/Faock.entitlements;
				CODE_SIGN_STYLE = Automatic;
				CURRENT_PROJECT_VERSION = 1;
				DEVELOPMENT_ASSET_PATHS = "\"Faock/Preview Content\"";
				DEVELOPMENT_TEAM = RRMSD743UQ;
				ENABLE_PREVIEWS = YES;
				GENERATE_INFOPLIST_FILE = YES;
				INFOPLIST_FILE = Faock/Info.plist;
				INFOPLIST_KEY_CFBundleDisplayName = Faock;
				INFOPLIST_KEY_UIApplicationSceneManifest_Generation = YES;
				INFOPLIST_KEY_UIApplicationSupportsIndirectInputEvents = YES;
				INFOPLIST_KEY_UILaunchScreen_Generation = YES;
				INFOPLIST_KEY_UILaunchStoryboardName = "Launch Screen.storyboard";
				INFOPLIST_KEY_UIStatusBarStyle = "";
				INFOPLIST_KEY_UISupportedInterfaceOrientations = UIInterfaceOrientationPortrait;
				INFOPLIST_KEY_UISupportedInterfaceOrientations_iPad = "UIInterfaceOrientationLandscapeLeft UIInterfaceOrientationLandscapeRight UIInterfaceOrientationPortrait UIInterfaceOrientationPortraitUpsideDown";
				IPHONEOS_DEPLOYMENT_TARGET = 15.0;
				LD_RUNPATH_SEARCH_PATHS = (
					"$(inherited)",
					"@executable_path/Frameworks",
				);
				MARKETING_VERSION = 1.0.0;
				PRODUCT_BUNDLE_IDENTIFIER = com.fangjunyu.Faock;
				PRODUCT_NAME = "$(TARGET_NAME)";
				SUPPORTED_PLATFORMS = "iphoneos iphonesimulator";
				SUPPORTS_MACCATALYST = NO;
				SUPPORTS_XR_DESIGNED_FOR_IPHONE_IPAD = YES;
				SWIFT_EMIT_LOC_STRINGS = YES;
				SWIFT_VERSION = 5.0;
				TARGETED_DEVICE_FAMILY = "1,2";
			};
			name = Release;
		};
		1DFDB85D2D7554DE0004D4B0 /* Debug */ = {
			isa = XCBuildConfiguration;
			buildSettings = {
				ALWAYS_EMBED_SWIFT_STANDARD_LIBRARIES = YES;
				BUNDLE_LOADER = "$(TEST_HOST)";
				CODE_SIGN_STYLE = Automatic;
				CURRENT_PROJECT_VERSION = 1;
				DEVELOPMENT_TEAM = RRMSD743UQ;
				GENERATE_INFOPLIST_FILE = YES;
				IPHONEOS_DEPLOYMENT_TARGET = 17.5;
				MARKETING_VERSION = 1.0;
				PRODUCT_BUNDLE_IDENTIFIER = com.fangjunyu.FaockTests;
				PRODUCT_NAME = "$(TARGET_NAME)";
				SWIFT_EMIT_LOC_STRINGS = NO;
				SWIFT_VERSION = 5.0;
				TARGETED_DEVICE_FAMILY = "1,2";
				TEST_HOST = "$(BUILT_PRODUCTS_DIR)/Faock.app/$(BUNDLE_EXECUTABLE_FOLDER_PATH)/Faock";
			};
			name = Debug;
		};
		1DFDB85E2D7554DE0004D4B0 /* Release */ = {
			isa = XCBuildConfiguration;
			buildSettings = {
				ALWAYS_EMBED_SWIFT_STANDARD_LIBRARIES = YES;
				BUNDLE_LOADER = "$(TEST_HOST)";
				CODE_SIGN_STYLE = Automatic;
				CURRENT_PROJECT_VERSION = 1;
				DEVELOPMENT_TEAM = RRMSD743UQ;
				GENERATE_INFOPLIST_FILE = YES;
				IPHONEOS_DEPLOYMENT_TARGET = 17.5;
				MARKETING_VERSION = 1.0;
				PRODUCT_BUNDLE_IDENTIFIER = com.fangjunyu.FaockTests;
				PRODUCT_NAME = "$(TARGET_NAME)";
				SWIFT_EMIT_LOC_STRINGS = NO;
				SWIFT_VERSION = 5.0;
				TARGETED_DEVICE_FAMILY = "1,2";
				TEST_HOST = "$(BUILT_PRODUCTS_DIR)/Faock.app/$(BUNDLE_EXECUTABLE_FOLDER_PATH)/Faock";
			};
			name = Release;
		};
		1DFDB8602D7554DE0004D4B0 /* Debug */ = {
			isa = XCBuildConfiguration;
			buildSettings = {
				ALWAYS_EMBED_SWIFT_STANDARD_LIBRARIES = YES;
				CODE_SIGN_STYLE = Automatic;
				CURRENT_PROJECT_VERSION = 1;
				DEVELOPMENT_TEAM = RRMSD743UQ;
				GENERATE_INFOPLIST_FILE = YES;
				MARKETING_VERSION = 1.0;
				PRODUCT_BUNDLE_IDENTIFIER = com.fangjunyu.FaockUITests;
				PRODUCT_NAME = "$(TARGET_NAME)";
				SWIFT_EMIT_LOC_STRINGS = NO;
				SWIFT_VERSION = 5.0;
				TARGETED_DEVICE_FAMILY = "1,2";
				TEST_TARGET_NAME = Faock;
			};
			name = Debug;
		};
		1DFDB8612D7554DE0004D4B0 /* Release */ = {
			isa = XCBuildConfiguration;
			buildSettings = {
				ALWAYS_EMBED_SWIFT_STANDARD_LIBRARIES = YES;
				CODE_SIGN_STYLE = Automatic;
				CURRENT_PROJECT_VERSION = 1;
				DEVELOPMENT_TEAM = RRMSD743UQ;
				GENERATE_INFOPLIST_FILE = YES;
				MARKETING_VERSION = 1.0;
				PRODUCT_BUNDLE_IDENTIFIER = com.fangjunyu.FaockUITests;
				PRODUCT_NAME = "$(TARGET_NAME)";
				SWIFT_EMIT_LOC_STRINGS = NO;
				SWIFT_VERSION = 5.0;
				TARGETED_DEVICE_FAMILY = "1,2";
				TEST_TARGET_NAME = Faock;
			};
			name = Release;
		};
/* End XCBuildConfiguration section */

/* Begin XCConfigurationList section */
		1DFDB8302D7554DC0004D4B0 /* Build configuration list for PBXProject "Faock" */ = {
			isa = XCConfigurationList;
			buildConfigurations = (
				1DFDB8572D7554DE0004D4B0 /* Debug */,
				1DFDB8582D7554DE0004D4B0 /* Release */,
			);
			defaultConfigurationIsVisible = 0;
			defaultConfigurationName = Release;
		};
		1DFDB8592D7554DE0004D4B0 /* Build configuration list for PBXNativeTarget "Faock" */ = {
			isa = XCConfigurationList;
			buildConfigurations = (
				1DFDB85A2D7554DE0004D4B0 /* Debug */,
				1DFDB85B2D7554DE0004D4B0 /* Release */,
			);
			defaultConfigurationIsVisible = 0;
			defaultConfigurationName = Release;
		};
		1DFDB85C2D7554DE0004D4B0 /* Build configuration list for PBXNativeTarget "FaockTests" */ = {
			isa = XCConfigurationList;
			buildConfigurations = (
				1DFDB85D2D7554DE0004D4B0 /* Debug */,
				1DFDB85E2D7554DE0004D4B0 /* Release */,
			);
			defaultConfigurationIsVisible = 0;
			defaultConfigurationName = Release;
		};
		1DFDB85F2D7554DE0004D4B0 /* Build configuration list for PBXNativeTarget "FaockUITests" */ = {
			isa = XCConfigurationList;
			buildConfigurations = (
				1DFDB8602D7554DE0004D4B0 /* Debug */,
				1DFDB8612D7554DE0004D4B0 /* Release */,
			);
			defaultConfigurationIsVisible = 0;
			defaultConfigurationName = Release;
		};
/* End XCConfigurationList section */

/* Begin XCRemoteSwiftPackageReference section */
		1DE77FDD2D7FC691000450E9 /* XCRemoteSwiftPackageReference "lottie-ios" */ = {
			isa = XCRemoteSwiftPackageReference;
			repositoryURL = "https://github.com/airbnb/lottie-ios";
			requirement = {
				kind = upToNextMajorVersion;
				minimumVersion = 4.5.1;
			};
		};
/* End XCRemoteSwiftPackageReference section */

/* Begin XCSwiftPackageProductDependency section */
		1DE77FDE2D7FC691000450E9 /* Lottie */ = {
			isa = XCSwiftPackageProductDependency;
			package = 1DE77FDD2D7FC691000450E9 /* XCRemoteSwiftPackageReference "lottie-ios" */;
			productName = Lottie;
		};
/* End XCSwiftPackageProductDependency section */
	};
	rootObject = 1DFDB82D2D7554DC0004D4B0 /* Project object */;
}
